// !$*UTF8*$!
{
	archiveVersion = 1;
	classes = {
	};
	objectVersion = 52;
	objects = {

/* Begin PBXBuildFile section */
		12CE4FE124D93C27DACDA535 /* Pods_CRED_SubmissionTests.framework in Frameworks */ = {isa = PBXBuildFile; fileRef = 034B53F211B523BB945D8333 /* Pods_CRED_SubmissionTests.framework */; };
		52D565A749D23C6468C69C93 /* Pods_CRED_Submission.framework in Frameworks */ = {isa = PBXBuildFile; fileRef = 8DDA1B73681E27D81F1D2023 /* Pods_CRED_Submission.framework */; };
		99CF807D1EB243F521E1A15F /* Pods_CRED_Submission_CRED_SubmissionUITests.framework in Frameworks */ = {isa = PBXBuildFile; fileRef = 050EF463AFEC0EDE1262B2CE /* Pods_CRED_Submission_CRED_SubmissionUITests.framework */; };
		D5746ECD26B8603E00669E38 /* IQKeyboardManagerSwift in Frameworks */ = {isa = PBXBuildFile; productRef = D5746ECC26B8603E00669E38 /* IQKeyboardManagerSwift */; };
		D57B636E2681B4C300747890 /* AppDelegate.swift in Sources */ = {isa = PBXBuildFile; fileRef = D57B636D2681B4C300747890 /* AppDelegate.swift */; };
		D57B63702681B4C300747890 /* SceneDelegate.swift in Sources */ = {isa = PBXBuildFile; fileRef = D57B636F2681B4C300747890 /* SceneDelegate.swift */; };
		D57B63722681B4C300747890 /* ViewController.swift in Sources */ = {isa = PBXBuildFile; fileRef = D57B63712681B4C300747890 /* ViewController.swift */; };
		D57B63752681B4C300747890 /* Main.storyboard in Resources */ = {isa = PBXBuildFile; fileRef = D57B63732681B4C300747890 /* Main.storyboard */; };
		D57B63772681B4C900747890 /* Assets.xcassets in Resources */ = {isa = PBXBuildFile; fileRef = D57B63762681B4C900747890 /* Assets.xcassets */; };
		D57B637A2681B4CA00747890 /* LaunchScreen.storyboard in Resources */ = {isa = PBXBuildFile; fileRef = D57B63782681B4CA00747890 /* LaunchScreen.storyboard */; };
		D57B63852681B4CA00747890 /* CRED_SubmissionTests.swift in Sources */ = {isa = PBXBuildFile; fileRef = D57B63842681B4CA00747890 /* CRED_SubmissionTests.swift */; };
		D57B63902681B4CA00747890 /* CRED_SubmissionUITests.swift in Sources */ = {isa = PBXBuildFile; fileRef = D57B638F2681B4CA00747890 /* CRED_SubmissionUITests.swift */; };
		D57B63A22681C23D00747890 /* AmountSelectionViewController.swift in Sources */ = {isa = PBXBuildFile; fileRef = D57B63A02681C23D00747890 /* AmountSelectionViewController.swift */; };
		D57B63A32681C23D00747890 /* AmountSelectionViewController.xib in Resources */ = {isa = PBXBuildFile; fileRef = D57B63A12681C23D00747890 /* AmountSelectionViewController.xib */; };
		D57B63A92681E07000747890 /* EmiSelectionViewController.swift in Sources */ = {isa = PBXBuildFile; fileRef = D57B63A72681E07000747890 /* EmiSelectionViewController.swift */; };
		D57B63AA2681E07000747890 /* EmiSelectionViewController.xib in Resources */ = {isa = PBXBuildFile; fileRef = D57B63A82681E07000747890 /* EmiSelectionViewController.xib */; };
		D57B63AD2681E5AE00747890 /* EmiCell.swift in Sources */ = {isa = PBXBuildFile; fileRef = D57B63AB2681E5AE00747890 /* EmiCell.swift */; };
		D57B63AE2681E5AE00747890 /* EmiCell.xib in Resources */ = {isa = PBXBuildFile; fileRef = D57B63AC2681E5AE00747890 /* EmiCell.xib */; };
		D57B63B02681ED1600747890 /* CollectionCellColors.swift in Sources */ = {isa = PBXBuildFile; fileRef = D57B63AF2681ED1600747890 /* CollectionCellColors.swift */; };
		D57B63B32681F13900747890 /* BankSelectionViewController.swift in Sources */ = {isa = PBXBuildFile; fileRef = D57B63B12681F13900747890 /* BankSelectionViewController.swift */; };
		D57B63B42681F13900747890 /* BankSelectionViewController.xib in Resources */ = {isa = PBXBuildFile; fileRef = D57B63B22681F13900747890 /* BankSelectionViewController.xib */; };
		D57B63B62681FA2800747890 /* EmiCellModel.swift in Sources */ = {isa = PBXBuildFile; fileRef = D57B63B52681FA2800747890 /* EmiCellModel.swift */; };
		D596E6F62690314D00DD3736 /* Lottie in Frameworks */ = {isa = PBXBuildFile; productRef = D596E6F52690314D00DD3736 /* Lottie */; };
		D596E6F82690336300DD3736 /* 33021-credit-card-swipe.json in Resources */ = {isa = PBXBuildFile; fileRef = D596E6F72690336300DD3736 /* 33021-credit-card-swipe.json */; };
		D596E6FA269041C500DD3736 /* 63619-credit-crad-flip-white.json in Resources */ = {isa = PBXBuildFile; fileRef = D596E6F9269041C500DD3736 /* 63619-credit-crad-flip-white.json */; };
		D596E6FC269042AC00DD3736 /* 8352-bitcoin.json in Resources */ = {isa = PBXBuildFile; fileRef = D596E6FB269042AC00DD3736 /* 8352-bitcoin.json */; };
		D5A9A04526F0FF1200D05B87 /* StringConstants.swift in Sources */ = {isa = PBXBuildFile; fileRef = D5A9A04426F0FF1200D05B87 /* StringConstants.swift */; };
/* End PBXBuildFile section */

/* Begin PBXContainerItemProxy section */
		D57B63812681B4CA00747890 /* PBXContainerItemProxy */ = {
			isa = PBXContainerItemProxy;
			containerPortal = D57B63622681B4C300747890 /* Project object */;
			proxyType = 1;
			remoteGlobalIDString = D57B63692681B4C300747890;
			remoteInfo = "CRED-Submission";
		};
		D57B638C2681B4CA00747890 /* PBXContainerItemProxy */ = {
			isa = PBXContainerItemProxy;
			containerPortal = D57B63622681B4C300747890 /* Project object */;
			proxyType = 1;
			remoteGlobalIDString = D57B63692681B4C300747890;
			remoteInfo = "CRED-Submission";
		};
/* End PBXContainerItemProxy section */

/* Begin PBXFileReference section */
		034B53F211B523BB945D8333 /* Pods_CRED_SubmissionTests.framework */ = {isa = PBXFileReference; explicitFileType = wrapper.framework; includeInIndex = 0; path = Pods_CRED_SubmissionTests.framework; sourceTree = BUILT_PRODUCTS_DIR; };
		040278D37150AAB05E0F2917 /* Pods-CRED-SubmissionTests.release.xcconfig */ = {isa = PBXFileReference; includeInIndex = 1; lastKnownFileType = text.xcconfig; name = "Pods-CRED-SubmissionTests.release.xcconfig"; path = "Target Support Files/Pods-CRED-SubmissionTests/Pods-CRED-SubmissionTests.release.xcconfig"; sourceTree = "<group>"; };
		050EF463AFEC0EDE1262B2CE /* Pods_CRED_Submission_CRED_SubmissionUITests.framework */ = {isa = PBXFileReference; explicitFileType = wrapper.framework; includeInIndex = 0; path = Pods_CRED_Submission_CRED_SubmissionUITests.framework; sourceTree = BUILT_PRODUCTS_DIR; };
		3407BACE85542F0B984089E9 /* Pods-CRED-Submission.release.xcconfig */ = {isa = PBXFileReference; includeInIndex = 1; lastKnownFileType = text.xcconfig; name = "Pods-CRED-Submission.release.xcconfig"; path = "Target Support Files/Pods-CRED-Submission/Pods-CRED-Submission.release.xcconfig"; sourceTree = "<group>"; };
		5DEC74C260DBF8F310664879 /* Pods-CRED-Submission-CRED-SubmissionUITests.release.xcconfig */ = {isa = PBXFileReference; includeInIndex = 1; lastKnownFileType = text.xcconfig; name = "Pods-CRED-Submission-CRED-SubmissionUITests.release.xcconfig"; path = "Target Support Files/Pods-CRED-Submission-CRED-SubmissionUITests/Pods-CRED-Submission-CRED-SubmissionUITests.release.xcconfig"; sourceTree = "<group>"; };
		8DDA1B73681E27D81F1D2023 /* Pods_CRED_Submission.framework */ = {isa = PBXFileReference; explicitFileType = wrapper.framework; includeInIndex = 0; path = Pods_CRED_Submission.framework; sourceTree = BUILT_PRODUCTS_DIR; };
		AA4A096947095256C051A9B9 /* Pods-CRED-Submission-CRED-SubmissionUITests.debug.xcconfig */ = {isa = PBXFileReference; includeInIndex = 1; lastKnownFileType = text.xcconfig; name = "Pods-CRED-Submission-CRED-SubmissionUITests.debug.xcconfig"; path = "Target Support Files/Pods-CRED-Submission-CRED-SubmissionUITests/Pods-CRED-Submission-CRED-SubmissionUITests.debug.xcconfig"; sourceTree = "<group>"; };
		BD61CF7E195FAE7376E1A7A2 /* Pods-CRED-Submission.debug.xcconfig */ = {isa = PBXFileReference; includeInIndex = 1; lastKnownFileType = text.xcconfig; name = "Pods-CRED-Submission.debug.xcconfig"; path = "Target Support Files/Pods-CRED-Submission/Pods-CRED-Submission.debug.xcconfig"; sourceTree = "<group>"; };
		D57B636A2681B4C300747890 /* CRED-Submission.app */ = {isa = PBXFileReference; explicitFileType = wrapper.application; includeInIndex = 0; path = "CRED-Submission.app"; sourceTree = BUILT_PRODUCTS_DIR; };
		D57B636D2681B4C300747890 /* AppDelegate.swift */ = {isa = PBXFileReference; lastKnownFileType = sourcecode.swift; path = AppDelegate.swift; sourceTree = "<group>"; };
		D57B636F2681B4C300747890 /* SceneDelegate.swift */ = {isa = PBXFileReference; lastKnownFileType = sourcecode.swift; path = SceneDelegate.swift; sourceTree = "<group>"; };
		D57B63712681B4C300747890 /* ViewController.swift */ = {isa = PBXFileReference; lastKnownFileType = sourcecode.swift; path = ViewController.swift; sourceTree = "<group>"; };
		D57B63742681B4C300747890 /* Base */ = {isa = PBXFileReference; lastKnownFileType = file.storyboard; name = Base; path = Base.lproj/Main.storyboard; sourceTree = "<group>"; };
		D57B63762681B4C900747890 /* Assets.xcassets */ = {isa = PBXFileReference; lastKnownFileType = folder.assetcatalog; path = Assets.xcassets; sourceTree = "<group>"; };
		D57B63792681B4CA00747890 /* Base */ = {isa = PBXFileReference; lastKnownFileType = file.storyboard; name = Base; path = Base.lproj/LaunchScreen.storyboard; sourceTree = "<group>"; };
		D57B637B2681B4CA00747890 /* Info.plist */ = {isa = PBXFileReference; lastKnownFileType = text.plist.xml; path = Info.plist; sourceTree = "<group>"; };
		D57B63802681B4CA00747890 /* CRED-SubmissionTests.xctest */ = {isa = PBXFileReference; explicitFileType = wrapper.cfbundle; includeInIndex = 0; path = "CRED-SubmissionTests.xctest"; sourceTree = BUILT_PRODUCTS_DIR; };
		D57B63842681B4CA00747890 /* CRED_SubmissionTests.swift */ = {isa = PBXFileReference; lastKnownFileType = sourcecode.swift; path = CRED_SubmissionTests.swift; sourceTree = "<group>"; };
		D57B63862681B4CA00747890 /* Info.plist */ = {isa = PBXFileReference; lastKnownFileType = text.plist.xml; path = Info.plist; sourceTree = "<group>"; };
		D57B638B2681B4CA00747890 /* CRED-SubmissionUITests.xctest */ = {isa = PBXFileReference; explicitFileType = wrapper.cfbundle; includeInIndex = 0; path = "CRED-SubmissionUITests.xctest"; sourceTree = BUILT_PRODUCTS_DIR; };
		D57B638F2681B4CA00747890 /* CRED_SubmissionUITests.swift */ = {isa = PBXFileReference; lastKnownFileType = sourcecode.swift; path = CRED_SubmissionUITests.swift; sourceTree = "<group>"; };
		D57B63912681B4CA00747890 /* Info.plist */ = {isa = PBXFileReference; lastKnownFileType = text.plist.xml; path = Info.plist; sourceTree = "<group>"; };
		D57B63A02681C23D00747890 /* AmountSelectionViewController.swift */ = {isa = PBXFileReference; lastKnownFileType = sourcecode.swift; path = AmountSelectionViewController.swift; sourceTree = "<group>"; };
		D57B63A12681C23D00747890 /* AmountSelectionViewController.xib */ = {isa = PBXFileReference; lastKnownFileType = file.xib; path = AmountSelectionViewController.xib; sourceTree = "<group>"; };
		D57B63A72681E07000747890 /* EmiSelectionViewController.swift */ = {isa = PBXFileReference; lastKnownFileType = sourcecode.swift; path = EmiSelectionViewController.swift; sourceTree = "<group>"; };
		D57B63A82681E07000747890 /* EmiSelectionViewController.xib */ = {isa = PBXFileReference; lastKnownFileType = file.xib; path = EmiSelectionViewController.xib; sourceTree = "<group>"; };
		D57B63AB2681E5AE00747890 /* EmiCell.swift */ = {isa = PBXFileReference; lastKnownFileType = sourcecode.swift; path = EmiCell.swift; sourceTree = "<group>"; };
		D57B63AC2681E5AE00747890 /* EmiCell.xib */ = {isa = PBXFileReference; lastKnownFileType = file.xib; path = EmiCell.xib; sourceTree = "<group>"; };
		D57B63AF2681ED1600747890 /* CollectionCellColors.swift */ = {isa = PBXFileReference; lastKnownFileType = sourcecode.swift; path = CollectionCellColors.swift; sourceTree = "<group>"; };
		D57B63B12681F13900747890 /* BankSelectionViewController.swift */ = {isa = PBXFileReference; lastKnownFileType = sourcecode.swift; path = BankSelectionViewController.swift; sourceTree = "<group>"; };
		D57B63B22681F13900747890 /* BankSelectionViewController.xib */ = {isa = PBXFileReference; lastKnownFileType = file.xib; path = BankSelectionViewController.xib; sourceTree = "<group>"; };
		D57B63B52681FA2800747890 /* EmiCellModel.swift */ = {isa = PBXFileReference; lastKnownFileType = sourcecode.swift; path = EmiCellModel.swift; sourceTree = "<group>"; };
		D596E6F72690336300DD3736 /* 33021-credit-card-swipe.json */ = {isa = PBXFileReference; fileEncoding = 4; lastKnownFileType = text.json; path = "33021-credit-card-swipe.json"; sourceTree = "<group>"; };
		D596E6F9269041C500DD3736 /* 63619-credit-crad-flip-white.json */ = {isa = PBXFileReference; fileEncoding = 4; lastKnownFileType = text.json; path = "63619-credit-crad-flip-white.json"; sourceTree = "<group>"; };
		D596E6FB269042AC00DD3736 /* 8352-bitcoin.json */ = {isa = PBXFileReference; fileEncoding = 4; lastKnownFileType = text.json; path = "8352-bitcoin.json"; sourceTree = "<group>"; };
		D5A9A04426F0FF1200D05B87 /* StringConstants.swift */ = {isa = PBXFileReference; lastKnownFileType = sourcecode.swift; path = StringConstants.swift; sourceTree = "<group>"; };
		E02F816FDA473C157807C72C /* Pods-CRED-SubmissionTests.debug.xcconfig */ = {isa = PBXFileReference; includeInIndex = 1; lastKnownFileType = text.xcconfig; name = "Pods-CRED-SubmissionTests.debug.xcconfig"; path = "Target Support Files/Pods-CRED-SubmissionTests/Pods-CRED-SubmissionTests.debug.xcconfig"; sourceTree = "<group>"; };
/* End PBXFileReference section */

/* Begin PBXFrameworksBuildPhase section */
		D57B63672681B4C300747890 /* Frameworks */ = {
			isa = PBXFrameworksBuildPhase;
			buildActionMask = 2147483647;
			files = (
				52D565A749D23C6468C69C93 /* Pods_CRED_Submission.framework in Frameworks */,
				D596E6F62690314D00DD3736 /* Lottie in Frameworks */,
				D5746ECD26B8603E00669E38 /* IQKeyboardManagerSwift in Frameworks */,
			);
			runOnlyForDeploymentPostprocessing = 0;
		};
		D57B637D2681B4CA00747890 /* Frameworks */ = {
			isa = PBXFrameworksBuildPhase;
			buildActionMask = 2147483647;
			files = (
				12CE4FE124D93C27DACDA535 /* Pods_CRED_SubmissionTests.framework in Frameworks */,
			);
			runOnlyForDeploymentPostprocessing = 0;
		};
		D57B63882681B4CA00747890 /* Frameworks */ = {
			isa = PBXFrameworksBuildPhase;
			buildActionMask = 2147483647;
			files = (
				99CF807D1EB243F521E1A15F /* Pods_CRED_Submission_CRED_SubmissionUITests.framework in Frameworks */,
			);
			runOnlyForDeploymentPostprocessing = 0;
		};
/* End PBXFrameworksBuildPhase section */

/* Begin PBXGroup section */
		CA340D6627BBFEE17CA18B5B /* Pods */ = {
			isa = PBXGroup;
			children = (
				BD61CF7E195FAE7376E1A7A2 /* Pods-CRED-Submission.debug.xcconfig */,
				3407BACE85542F0B984089E9 /* Pods-CRED-Submission.release.xcconfig */,
				AA4A096947095256C051A9B9 /* Pods-CRED-Submission-CRED-SubmissionUITests.debug.xcconfig */,
				5DEC74C260DBF8F310664879 /* Pods-CRED-Submission-CRED-SubmissionUITests.release.xcconfig */,
				E02F816FDA473C157807C72C /* Pods-CRED-SubmissionTests.debug.xcconfig */,
				040278D37150AAB05E0F2917 /* Pods-CRED-SubmissionTests.release.xcconfig */,
			);
			path = Pods;
			sourceTree = "<group>";
		};
		D57B63612681B4C300747890 = {
			isa = PBXGroup;
			children = (
				D57B636C2681B4C300747890 /* CRED-Submission */,
				D57B63832681B4CA00747890 /* CRED-SubmissionTests */,
				D57B638E2681B4CA00747890 /* CRED-SubmissionUITests */,
				D57B636B2681B4C300747890 /* Products */,
				CA340D6627BBFEE17CA18B5B /* Pods */,
				FB8BE6A640BDC43644EB37D0 /* Frameworks */,
			);
			sourceTree = "<group>";
		};
		D57B636B2681B4C300747890 /* Products */ = {
			isa = PBXGroup;
			children = (
				D57B636A2681B4C300747890 /* CRED-Submission.app */,
				D57B63802681B4CA00747890 /* CRED-SubmissionTests.xctest */,
				D57B638B2681B4CA00747890 /* CRED-SubmissionUITests.xctest */,
			);
			name = Products;
			sourceTree = "<group>";
		};
		D57B636C2681B4C300747890 /* CRED-Submission */ = {
			isa = PBXGroup;
			children = (
				D5A9A04326F0FECE00D05B87 /* Lottie */,
				D5A9A04226F0FEA900D05B87 /* Utility */,
				D5A9A04126F0FE7900D05B87 /* ViewController */,
				D5A9A04026F0FE7100D05B87 /* View */,
				D57B636D2681B4C300747890 /* AppDelegate.swift */,
				D57B636F2681B4C300747890 /* SceneDelegate.swift */,
				D57B63762681B4C900747890 /* Assets.xcassets */,
				D57B63782681B4CA00747890 /* LaunchScreen.storyboard */,
				D57B637B2681B4CA00747890 /* Info.plist */,
			);
			path = "CRED-Submission";
			sourceTree = "<group>";
		};
		D57B63832681B4CA00747890 /* CRED-SubmissionTests */ = {
			isa = PBXGroup;
			children = (
				D57B63842681B4CA00747890 /* CRED_SubmissionTests.swift */,
				D57B63862681B4CA00747890 /* Info.plist */,
			);
			path = "CRED-SubmissionTests";
			sourceTree = "<group>";
		};
		D57B638E2681B4CA00747890 /* CRED-SubmissionUITests */ = {
			isa = PBXGroup;
			children = (
				D57B638F2681B4CA00747890 /* CRED_SubmissionUITests.swift */,
				D57B63912681B4CA00747890 /* Info.plist */,
			);
			path = "CRED-SubmissionUITests";
			sourceTree = "<group>";
		};
		D5A9A04026F0FE7100D05B87 /* View */ = {
			isa = PBXGroup;
			children = (
				D57B63A12681C23D00747890 /* AmountSelectionViewController.xib */,
				D57B63732681B4C300747890 /* Main.storyboard */,
				D57B63A82681E07000747890 /* EmiSelectionViewController.xib */,
				D57B63B22681F13900747890 /* BankSelectionViewController.xib */,
				D57B63AC2681E5AE00747890 /* EmiCell.xib */,
				D57B63AB2681E5AE00747890 /* EmiCell.swift */,
			);
			path = View;
			sourceTree = "<group>";
		};
		D5A9A04126F0FE7900D05B87 /* ViewController */ = {
			isa = PBXGroup;
			children = (
				D57B63712681B4C300747890 /* ViewController.swift */,
				D57B63B12681F13900747890 /* BankSelectionViewController.swift */,
				D57B63A02681C23D00747890 /* AmountSelectionViewController.swift */,
				D57B63A72681E07000747890 /* EmiSelectionViewController.swift */,
			);
			path = ViewController;
			sourceTree = "<group>";
		};
		D5A9A04226F0FEA900D05B87 /* Utility */ = {
			isa = PBXGroup;
			children = (
				D57B63AF2681ED1600747890 /* CollectionCellColors.swift */,
				D57B63B52681FA2800747890 /* EmiCellModel.swift */,
				D5A9A04426F0FF1200D05B87 /* StringConstants.swift */,
			);
			path = Utility;
			sourceTree = "<group>";
		};
		D5A9A04326F0FECE00D05B87 /* Lottie */ = {
			isa = PBXGroup;
			children = (
				D596E6F72690336300DD3736 /* 33021-credit-card-swipe.json */,
				D596E6FB269042AC00DD3736 /* 8352-bitcoin.json */,
				D596E6F9269041C500DD3736 /* 63619-credit-crad-flip-white.json */,
			);
			path = Lottie;
			sourceTree = "<group>";
		};
		FB8BE6A640BDC43644EB37D0 /* Frameworks */ = {
			isa = PBXGroup;
			children = (
				8DDA1B73681E27D81F1D2023 /* Pods_CRED_Submission.framework */,
				050EF463AFEC0EDE1262B2CE /* Pods_CRED_Submission_CRED_SubmissionUITests.framework */,
				034B53F211B523BB945D8333 /* Pods_CRED_SubmissionTests.framework */,
			);
			name = Frameworks;
			sourceTree = "<group>";
		};
/* End PBXGroup section */

/* Begin PBXNativeTarget section */
		D57B63692681B4C300747890 /* CRED-Submission */ = {
			isa = PBXNativeTarget;
			buildConfigurationList = D57B63942681B4CA00747890 /* Build configuration list for PBXNativeTarget "CRED-Submission" */;
			buildPhases = (
				472B665BD35AC20DFAE7E54E /* [CP] Check Pods Manifest.lock */,
				D57B63662681B4C300747890 /* Sources */,
				D57B63672681B4C300747890 /* Frameworks */,
				D57B63682681B4C300747890 /* Resources */,
				8F774FEB91ABC589BA76D050 /* [CP] Embed Pods Frameworks */,
			);
			buildRules = (
			);
			dependencies = (
			);
			name = "CRED-Submission";
			packageProductDependencies = (
				D596E6F52690314D00DD3736 /* Lottie */,
				D5746ECC26B8603E00669E38 /* IQKeyboardManagerSwift */,
			);
			productName = "CRED-Submission";
			productReference = D57B636A2681B4C300747890 /* CRED-Submission.app */;
			productType = "com.apple.product-type.application";
		};
		D57B637F2681B4CA00747890 /* CRED-SubmissionTests */ = {
			isa = PBXNativeTarget;
			buildConfigurationList = D57B63972681B4CA00747890 /* Build configuration list for PBXNativeTarget "CRED-SubmissionTests" */;
			buildPhases = (
				39065CEDA9D873C50E1DB918 /* [CP] Check Pods Manifest.lock */,
				D57B637C2681B4CA00747890 /* Sources */,
				D57B637D2681B4CA00747890 /* Frameworks */,
				D57B637E2681B4CA00747890 /* Resources */,
			);
			buildRules = (
			);
			dependencies = (
				D57B63822681B4CA00747890 /* PBXTargetDependency */,
			);
			name = "CRED-SubmissionTests";
			productName = "CRED-SubmissionTests";
			productReference = D57B63802681B4CA00747890 /* CRED-SubmissionTests.xctest */;
			productType = "com.apple.product-type.bundle.unit-test";
		};
		D57B638A2681B4CA00747890 /* CRED-SubmissionUITests */ = {
			isa = PBXNativeTarget;
			buildConfigurationList = D57B639A2681B4CA00747890 /* Build configuration list for PBXNativeTarget "CRED-SubmissionUITests" */;
			buildPhases = (
				D64DB4CF709007148EAFB1C3 /* [CP] Check Pods Manifest.lock */,
				D57B63872681B4CA00747890 /* Sources */,
				D57B63882681B4CA00747890 /* Frameworks */,
				D57B63892681B4CA00747890 /* Resources */,
				EBD90F3303F77E0F17086C76 /* [CP] Embed Pods Frameworks */,
			);
			buildRules = (
			);
			dependencies = (
				D57B638D2681B4CA00747890 /* PBXTargetDependency */,
			);
			name = "CRED-SubmissionUITests";
			productName = "CRED-SubmissionUITests";
			productReference = D57B638B2681B4CA00747890 /* CRED-SubmissionUITests.xctest */;
			productType = "com.apple.product-type.bundle.ui-testing";
		};
/* End PBXNativeTarget section */

/* Begin PBXProject section */
		D57B63622681B4C300747890 /* Project object */ = {
			isa = PBXProject;
			attributes = {
				LastSwiftUpdateCheck = 1250;
				LastUpgradeCheck = 1250;
				TargetAttributes = {
					D57B63692681B4C300747890 = {
						CreatedOnToolsVersion = 12.5;
					};
					D57B637F2681B4CA00747890 = {
						CreatedOnToolsVersion = 12.5;
						TestTargetID = D57B63692681B4C300747890;
					};
					D57B638A2681B4CA00747890 = {
						CreatedOnToolsVersion = 12.5;
						TestTargetID = D57B63692681B4C300747890;
					};
				};
			};
			buildConfigurationList = D57B63652681B4C300747890 /* Build configuration list for PBXProject "CRED-Submission" */;
			compatibilityVersion = "Xcode 9.3";
			developmentRegion = en;
			hasScannedForEncodings = 0;
			knownRegions = (
				en,
				Base,
			);
			mainGroup = D57B63612681B4C300747890;
			packageReferences = (
				D596E6F42690314D00DD3736 /* XCRemoteSwiftPackageReference "lottie-ios" */,
				D5746ECB26B8603E00669E38 /* XCRemoteSwiftPackageReference "IQKeyboardManager" */,
			);
			productRefGroup = D57B636B2681B4C300747890 /* Products */;
			projectDirPath = "";
			projectRoot = "";
			targets = (
				D57B63692681B4C300747890 /* CRED-Submission */,
				D57B637F2681B4CA00747890 /* CRED-SubmissionTests */,
				D57B638A2681B4CA00747890 /* CRED-SubmissionUITests */,
			);
		};
/* End PBXProject section */

/* Begin PBXResourcesBuildPhase section */
		D57B63682681B4C300747890 /* Resources */ = {
			isa = PBXResourcesBuildPhase;
			buildActionMask = 2147483647;
			files = (
				D57B63AE2681E5AE00747890 /* EmiCell.xib in Resources */,
				D596E6F82690336300DD3736 /* 33021-credit-card-swipe.json in Resources */,
				D57B63B42681F13900747890 /* BankSelectionViewController.xib in Resources */,
				D57B637A2681B4CA00747890 /* LaunchScreen.storyboard in Resources */,
				D596E6FC269042AC00DD3736 /* 8352-bitcoin.json in Resources */,
				D57B63A32681C23D00747890 /* AmountSelectionViewController.xib in Resources */,
				D57B63772681B4C900747890 /* Assets.xcassets in Resources */,
				D57B63AA2681E07000747890 /* EmiSelectionViewController.xib in Resources */,
				D596E6FA269041C500DD3736 /* 63619-credit-crad-flip-white.json in Resources */,
				D57B63752681B4C300747890 /* Main.storyboard in Resources */,
			);
			runOnlyForDeploymentPostprocessing = 0;
		};
		D57B637E2681B4CA00747890 /* Resources */ = {
			isa = PBXResourcesBuildPhase;
			buildActionMask = 2147483647;
			files = (
			);
			runOnlyForDeploymentPostprocessing = 0;
		};
		D57B63892681B4CA00747890 /* Resources */ = {
			isa = PBXResourcesBuildPhase;
			buildActionMask = 2147483647;
			files = (
			);
			runOnlyForDeploymentPostprocessing = 0;
		};
/* End PBXResourcesBuildPhase section */

/* Begin PBXShellScriptBuildPhase section */
		39065CEDA9D873C50E1DB918 /* [CP] Check Pods Manifest.lock */ = {
			isa = PBXShellScriptBuildPhase;
			buildActionMask = 2147483647;
			files = (
			);
			inputFileListPaths = (
			);
			inputPaths = (
				"${PODS_PODFILE_DIR_PATH}/Podfile.lock",
				"${PODS_ROOT}/Manifest.lock",
			);
			name = "[CP] Check Pods Manifest.lock";
			outputFileListPaths = (
			);
			outputPaths = (
				"$(DERIVED_FILE_DIR)/Pods-CRED-SubmissionTests-checkManifestLockResult.txt",
			);
			runOnlyForDeploymentPostprocessing = 0;
			shellPath = /bin/sh;
			shellScript = "diff \"${PODS_PODFILE_DIR_PATH}/Podfile.lock\" \"${PODS_ROOT}/Manifest.lock\" > /dev/null\nif [ $? != 0 ] ; then\n    # print error to STDERR\n    echo \"error: The sandbox is not in sync with the Podfile.lock. Run 'pod install' or update your CocoaPods installation.\" >&2\n    exit 1\nfi\n# This output is used by Xcode 'outputs' to avoid re-running this script phase.\necho \"SUCCESS\" > \"${SCRIPT_OUTPUT_FILE_0}\"\n";
			showEnvVarsInLog = 0;
		};
		472B665BD35AC20DFAE7E54E /* [CP] Check Pods Manifest.lock */ = {
			isa = PBXShellScriptBuildPhase;
			buildActionMask = 2147483647;
			files = (
			);
			inputFileListPaths = (
			);
			inputPaths = (
				"${PODS_PODFILE_DIR_PATH}/Podfile.lock",
				"${PODS_ROOT}/Manifest.lock",
			);
			name = "[CP] Check Pods Manifest.lock";
			outputFileListPaths = (
			);
			outputPaths = (
				"$(DERIVED_FILE_DIR)/Pods-CRED-Submission-checkManifestLockResult.txt",
			);
			runOnlyForDeploymentPostprocessing = 0;
			shellPath = /bin/sh;
			shellScript = "diff \"${PODS_PODFILE_DIR_PATH}/Podfile.lock\" \"${PODS_ROOT}/Manifest.lock\" > /dev/null\nif [ $? != 0 ] ; then\n    # print error to STDERR\n    echo \"error: The sandbox is not in sync with the Podfile.lock. Run 'pod install' or update your CocoaPods installation.\" >&2\n    exit 1\nfi\n# This output is used by Xcode 'outputs' to avoid re-running this script phase.\necho \"SUCCESS\" > \"${SCRIPT_OUTPUT_FILE_0}\"\n";
			showEnvVarsInLog = 0;
		};
		8F774FEB91ABC589BA76D050 /* [CP] Embed Pods Frameworks */ = {
			isa = PBXShellScriptBuildPhase;
			buildActionMask = 2147483647;
			files = (
			);
			inputFileListPaths = (
				"${PODS_ROOT}/Target Support Files/Pods-CRED-Submission/Pods-CRED-Submission-frameworks-${CONFIGURATION}-input-files.xcfilelist",
			);
			name = "[CP] Embed Pods Frameworks";
			outputFileListPaths = (
				"${PODS_ROOT}/Target Support Files/Pods-CRED-Submission/Pods-CRED-Submission-frameworks-${CONFIGURATION}-output-files.xcfilelist",
			);
			runOnlyForDeploymentPostprocessing = 0;
			shellPath = /bin/sh;
			shellScript = "\"${PODS_ROOT}/Target Support Files/Pods-CRED-Submission/Pods-CRED-Submission-frameworks.sh\"\n";
			showEnvVarsInLog = 0;
		};
		D64DB4CF709007148EAFB1C3 /* [CP] Check Pods Manifest.lock */ = {
			isa = PBXShellScriptBuildPhase;
			buildActionMask = 2147483647;
			files = (
			);
			inputFileListPaths = (
			);
			inputPaths = (
				"${PODS_PODFILE_DIR_PATH}/Podfile.lock",
				"${PODS_ROOT}/Manifest.lock",
			);
			name = "[CP] Check Pods Manifest.lock";
			outputFileListPaths = (
			);
			outputPaths = (
				"$(DERIVED_FILE_DIR)/Pods-CRED-Submission-CRED-SubmissionUITests-checkManifestLockResult.txt",
			);
			runOnlyForDeploymentPostprocessing = 0;
			shellPath = /bin/sh;
			shellScript = "diff \"${PODS_PODFILE_DIR_PATH}/Podfile.lock\" \"${PODS_ROOT}/Manifest.lock\" > /dev/null\nif [ $? != 0 ] ; then\n    # print error to STDERR\n    echo \"error: The sandbox is not in sync with the Podfile.lock. Run 'pod install' or update your CocoaPods installation.\" >&2\n    exit 1\nfi\n# This output is used by Xcode 'outputs' to avoid re-running this script phase.\necho \"SUCCESS\" > \"${SCRIPT_OUTPUT_FILE_0}\"\n";
			showEnvVarsInLog = 0;
		};
		EBD90F3303F77E0F17086C76 /* [CP] Embed Pods Frameworks */ = {
			isa = PBXShellScriptBuildPhase;
			buildActionMask = 2147483647;
			files = (
			);
			inputFileListPaths = (
				"${PODS_ROOT}/Target Support Files/Pods-CRED-Submission-CRED-SubmissionUITests/Pods-CRED-Submission-CRED-SubmissionUITests-frameworks-${CONFIGURATION}-input-files.xcfilelist",
			);
			name = "[CP] Embed Pods Frameworks";
			outputFileListPaths = (
				"${PODS_ROOT}/Target Support Files/Pods-CRED-Submission-CRED-SubmissionUITests/Pods-CRED-Submission-CRED-SubmissionUITests-frameworks-${CONFIGURATION}-output-files.xcfilelist",
			);
			runOnlyForDeploymentPostprocessing = 0;
			shellPath = /bin/sh;
			shellScript = "\"${PODS_ROOT}/Target Support Files/Pods-CRED-Submission-CRED-SubmissionUITests/Pods-CRED-Submission-CRED-SubmissionUITests-frameworks.sh\"\n";
			showEnvVarsInLog = 0;
		};
/* End PBXShellScriptBuildPhase section */

/* Begin PBXSourcesBuildPhase section */
		D57B63662681B4C300747890 /* Sources */ = {
			isa = PBXSourcesBuildPhase;
			buildActionMask = 2147483647;
			files = (
				D57B63722681B4C300747890 /* ViewController.swift in Sources */,
				D57B636E2681B4C300747890 /* AppDelegate.swift in Sources */,
				D57B63B62681FA2800747890 /* EmiCellModel.swift in Sources */,
				D57B63AD2681E5AE00747890 /* EmiCell.swift in Sources */,
				D57B63702681B4C300747890 /* SceneDelegate.swift in Sources */,
				D57B63A92681E07000747890 /* EmiSelectionViewController.swift in Sources */,
				D57B63B02681ED1600747890 /* CollectionCellColors.swift in Sources */,
				D57B63A22681C23D00747890 /* AmountSelectionViewController.swift in Sources */,
				D5A9A04526F0FF1200D05B87 /* StringConstants.swift in Sources */,
				D57B63B32681F13900747890 /* BankSelectionViewController.swift in Sources */,
			);
			runOnlyForDeploymentPostprocessing = 0;
		};
		D57B637C2681B4CA00747890 /* Sources */ = {
			isa = PBXSourcesBuildPhase;
			buildActionMask = 2147483647;
			files = (
				D57B63852681B4CA00747890 /* CRED_SubmissionTests.swift in Sources */,
			);
			runOnlyForDeploymentPostprocessing = 0;
		};
		D57B63872681B4CA00747890 /* Sources */ = {
			isa = PBXSourcesBuildPhase;
			buildActionMask = 2147483647;
			files = (
				D57B63902681B4CA00747890 /* CRED_SubmissionUITests.swift in Sources */,
			);
			runOnlyForDeploymentPostprocessing = 0;
		};
/* End PBXSourcesBuildPhase section */

/* Begin PBXTargetDependency section */
		D57B63822681B4CA00747890 /* PBXTargetDependency */ = {
			isa = PBXTargetDependency;
			target = D57B63692681B4C300747890 /* CRED-Submission */;
			targetProxy = D57B63812681B4CA00747890 /* PBXContainerItemProxy */;
		};
		D57B638D2681B4CA00747890 /* PBXTargetDependency */ = {
			isa = PBXTargetDependency;
			target = D57B63692681B4C300747890 /* CRED-Submission */;
			targetProxy = D57B638C2681B4CA00747890 /* PBXContainerItemProxy */;
		};
/* End PBXTargetDependency section */

/* Begin PBXVariantGroup section */
		D57B63732681B4C300747890 /* Main.storyboard */ = {
			isa = PBXVariantGroup;
			children = (
				D57B63742681B4C300747890 /* Base */,
			);
			name = Main.storyboard;
			sourceTree = "<group>";
		};
		D57B63782681B4CA00747890 /* LaunchScreen.storyboard */ = {
			isa = PBXVariantGroup;
			children = (
				D57B63792681B4CA00747890 /* Base */,
			);
			name = LaunchScreen.storyboard;
			sourceTree = "<group>";
		};
/* End PBXVariantGroup section */

/* Begin XCBuildConfiguration section */
		D57B63922681B4CA00747890 /* Debug */ = {
			isa = XCBuildConfiguration;
			buildSettings = {
				ALWAYS_SEARCH_USER_PATHS = NO;
				CLANG_ANALYZER_NONNULL = YES;
				CLANG_ANALYZER_NUMBER_OBJECT_CONVERSION = YES_AGGRESSIVE;
				CLANG_CXX_LANGUAGE_STANDARD = "gnu++14";
				CLANG_CXX_LIBRARY = "libc++";
				CLANG_ENABLE_MODULES = YES;
				CLANG_ENABLE_OBJC_ARC = YES;
				CLANG_ENABLE_OBJC_WEAK = YES;
				CLANG_WARN_BLOCK_CAPTURE_AUTORELEASING = YES;
				CLANG_WARN_BOOL_CONVERSION = YES;
				CLANG_WARN_COMMA = YES;
				CLANG_WARN_CONSTANT_CONVERSION = YES;
				CLANG_WARN_DEPRECATED_OBJC_IMPLEMENTATIONS = YES;
				CLANG_WARN_DIRECT_OBJC_ISA_USAGE = YES_ERROR;
				CLANG_WARN_DOCUMENTATION_COMMENTS = YES;
				CLANG_WARN_EMPTY_BODY = YES;
				CLANG_WARN_ENUM_CONVERSION = YES;
				CLANG_WARN_INFINITE_RECURSION = YES;
				CLANG_WARN_INT_CONVERSION = YES;
				CLANG_WARN_NON_LITERAL_NULL_CONVERSION = YES;
				CLANG_WARN_OBJC_IMPLICIT_RETAIN_SELF = YES;
				CLANG_WARN_OBJC_LITERAL_CONVERSION = YES;
				CLANG_WARN_OBJC_ROOT_CLASS = YES_ERROR;
				CLANG_WARN_QUOTED_INCLUDE_IN_FRAMEWORK_HEADER = YES;
				CLANG_WARN_RANGE_LOOP_ANALYSIS = YES;
				CLANG_WARN_STRICT_PROTOTYPES = YES;
				CLANG_WARN_SUSPICIOUS_MOVE = YES;
				CLANG_WARN_UNGUARDED_AVAILABILITY = YES_AGGRESSIVE;
				CLANG_WARN_UNREACHABLE_CODE = YES;
				CLANG_WARN__DUPLICATE_METHOD_MATCH = YES;
				COPY_PHASE_STRIP = NO;
				DEBUG_INFORMATION_FORMAT = dwarf;
				ENABLE_STRICT_OBJC_MSGSEND = YES;
				ENABLE_TESTABILITY = YES;
				GCC_C_LANGUAGE_STANDARD = gnu11;
				GCC_DYNAMIC_NO_PIC = NO;
				GCC_NO_COMMON_BLOCKS = YES;
				GCC_OPTIMIZATION_LEVEL = 0;
				GCC_PREPROCESSOR_DEFINITIONS = (
					"DEBUG=1",
					"$(inherited)",
				);
				GCC_WARN_64_TO_32_BIT_CONVERSION = YES;
				GCC_WARN_ABOUT_RETURN_TYPE = YES_ERROR;
				GCC_WARN_UNDECLARED_SELECTOR = YES;
				GCC_WARN_UNINITIALIZED_AUTOS = YES_AGGRESSIVE;
				GCC_WARN_UNUSED_FUNCTION = YES;
				GCC_WARN_UNUSED_VARIABLE = YES;
				IPHONEOS_DEPLOYMENT_TARGET = 14.5;
				MTL_ENABLE_DEBUG_INFO = INCLUDE_SOURCE;
				MTL_FAST_MATH = YES;
				ONLY_ACTIVE_ARCH = YES;
				SDKROOT = iphoneos;
				SWIFT_ACTIVE_COMPILATION_CONDITIONS = DEBUG;
				SWIFT_OPTIMIZATION_LEVEL = "-Onone";
			};
			name = Debug;
		};
		D57B63932681B4CA00747890 /* Release */ = {
			isa = XCBuildConfiguration;
			buildSettings = {
				ALWAYS_SEARCH_USER_PATHS = NO;
				CLANG_ANALYZER_NONNULL = YES;
				CLANG_ANALYZER_NUMBER_OBJECT_CONVERSION = YES_AGGRESSIVE;
				CLANG_CXX_LANGUAGE_STANDARD = "gnu++14";
				CLANG_CXX_LIBRARY = "libc++";
				CLANG_ENABLE_MODULES = YES;
				CLANG_ENABLE_OBJC_ARC = YES;
				CLANG_ENABLE_OBJC_WEAK = YES;
				CLANG_WARN_BLOCK_CAPTURE_AUTORELEASING = YES;
				CLANG_WARN_BOOL_CONVERSION = YES;
				CLANG_WARN_COMMA = YES;
				CLANG_WARN_CONSTANT_CONVERSION = YES;
				CLANG_WARN_DEPRECATED_OBJC_IMPLEMENTATIONS = YES;
				CLANG_WARN_DIRECT_OBJC_ISA_USAGE = YES_ERROR;
				CLANG_WARN_DOCUMENTATION_COMMENTS = YES;
				CLANG_WARN_EMPTY_BODY = YES;
				CLANG_WARN_ENUM_CONVERSION = YES;
				CLANG_WARN_INFINITE_RECURSION = YES;
				CLANG_WARN_INT_CONVERSION = YES;
				CLANG_WARN_NON_LITERAL_NULL_CONVERSION = YES;
				CLANG_WARN_OBJC_IMPLICIT_RETAIN_SELF = YES;
				CLANG_WARN_OBJC_LITERAL_CONVERSION = YES;
				CLANG_WARN_OBJC_ROOT_CLASS = YES_ERROR;
				CLANG_WARN_QUOTED_INCLUDE_IN_FRAMEWORK_HEADER = YES;
				CLANG_WARN_RANGE_LOOP_ANALYSIS = YES;
				CLANG_WARN_STRICT_PROTOTYPES = YES;
				CLANG_WARN_SUSPICIOUS_MOVE = YES;
				CLANG_WARN_UNGUARDED_AVAILABILITY = YES_AGGRESSIVE;
				CLANG_WARN_UNREACHABLE_CODE = YES;
				CLANG_WARN__DUPLICATE_METHOD_MATCH = YES;
				COPY_PHASE_STRIP = NO;
				DEBUG_INFORMATION_FORMAT = "dwarf-with-dsym";
				ENABLE_NS_ASSERTIONS = NO;
				ENABLE_STRICT_OBJC_MSGSEND = YES;
				GCC_C_LANGUAGE_STANDARD = gnu11;
				GCC_NO_COMMON_BLOCKS = YES;
				GCC_WARN_64_TO_32_BIT_CONVERSION = YES;
				GCC_WARN_ABOUT_RETURN_TYPE = YES_ERROR;
				GCC_WARN_UNDECLARED_SELECTOR = YES;
				GCC_WARN_UNINITIALIZED_AUTOS = YES_AGGRESSIVE;
				GCC_WARN_UNUSED_FUNCTION = YES;
				GCC_WARN_UNUSED_VARIABLE = YES;
				IPHONEOS_DEPLOYMENT_TARGET = 14.5;
				MTL_ENABLE_DEBUG_INFO = NO;
				MTL_FAST_MATH = YES;
				SDKROOT = iphoneos;
				SWIFT_COMPILATION_MODE = wholemodule;
				SWIFT_OPTIMIZATION_LEVEL = "-O";
				VALIDATE_PRODUCT = YES;
			};
			name = Release;
		};
		D57B63952681B4CA00747890 /* Debug */ = {
			isa = XCBuildConfiguration;
			baseConfigurationReference = BD61CF7E195FAE7376E1A7A2 /* Pods-CRED-Submission.debug.xcconfig */;
			buildSettings = {
				ASSETCATALOG_COMPILER_APPICON_NAME = AppIcon;
				ASSETCATALOG_COMPILER_GLOBAL_ACCENT_COLOR_NAME = AccentColor;
				CODE_SIGN_STYLE = Automatic;
				DEVELOPMENT_TEAM = 6AD2RY8S5T;
				INFOPLIST_FILE = "CRED-Submission/Info.plist";
				LD_RUNPATH_SEARCH_PATHS = (
					"$(inherited)",
					"@executable_path/Frameworks",
				);
				PRODUCT_BUNDLE_IDENTIFIER = "com.Darshil.CRED-Submission";
				PRODUCT_NAME = "$(TARGET_NAME)";
				SWIFT_VERSION = 5.0;
				TARGETED_DEVICE_FAMILY = "1,2";
			};
			name = Debug;
		};
		D57B63962681B4CA00747890 /* Release */ = {
			isa = XCBuildConfiguration;
			baseConfigurationReference = 3407BACE85542F0B984089E9 /* Pods-CRED-Submission.release.xcconfig */;
			buildSettings = {
				ASSETCATALOG_COMPILER_APPICON_NAME = AppIcon;
				ASSETCATALOG_COMPILER_GLOBAL_ACCENT_COLOR_NAME = AccentColor;
				CODE_SIGN_STYLE = Automatic;
				DEVELOPMENT_TEAM = 6AD2RY8S5T;
				INFOPLIST_FILE = "CRED-Submission/Info.plist";
				LD_RUNPATH_SEARCH_PATHS = (
					"$(inherited)",
					"@executable_path/Frameworks",
				);
				PRODUCT_BUNDLE_IDENTIFIER = "com.Darshil.CRED-Submission";
				PRODUCT_NAME = "$(TARGET_NAME)";
				SWIFT_VERSION = 5.0;
				TARGETED_DEVICE_FAMILY = "1,2";
			};
			name = Release;
		};
		D57B63982681B4CA00747890 /* Debug */ = {
			isa = XCBuildConfiguration;
			baseConfigurationReference = E02F816FDA473C157807C72C /* Pods-CRED-SubmissionTests.debug.xcconfig */;
			buildSettings = {
				ALWAYS_EMBED_SWIFT_STANDARD_LIBRARIES = YES;
				BUNDLE_LOADER = "$(TEST_HOST)";
				CODE_SIGN_STYLE = Automatic;
				DEVELOPMENT_TEAM = 6AD2RY8S5T;
				INFOPLIST_FILE = "CRED-SubmissionTests/Info.plist";
				IPHONEOS_DEPLOYMENT_TARGET = 14.5;
				LD_RUNPATH_SEARCH_PATHS = (
					"$(inherited)",
					"@executable_path/Frameworks",
					"@loader_path/Frameworks",
				);
				PRODUCT_BUNDLE_IDENTIFIER = "com.Darshil.CRED-SubmissionTests";
				PRODUCT_NAME = "$(TARGET_NAME)";
				SWIFT_VERSION = 5.0;
				TARGETED_DEVICE_FAMILY = "1,2";
				TEST_HOST = "$(BUILT_PRODUCTS_DIR)/CRED-Submission.app/CRED-Submission";
			};
			name = Debug;
		};
		D57B63992681B4CA00747890 /* Release */ = {
			isa = XCBuildConfiguration;
			baseConfigurationReference = 040278D37150AAB05E0F2917 /* Pods-CRED-SubmissionTests.release.xcconfig */;
			buildSettings = {
				ALWAYS_EMBED_SWIFT_STANDARD_LIBRARIES = YES;
				BUNDLE_LOADER = "$(TEST_HOST)";
				CODE_SIGN_STYLE = Automatic;
				DEVELOPMENT_TEAM = 6AD2RY8S5T;
				INFOPLIST_FILE = "CRED-SubmissionTests/Info.plist";
				IPHONEOS_DEPLOYMENT_TARGET = 14.5;
				LD_RUNPATH_SEARCH_PATHS = (
					"$(inherited)",
					"@executable_path/Frameworks",
					"@loader_path/Frameworks",
				);
				PRODUCT_BUNDLE_IDENTIFIER = "com.Darshil.CRED-SubmissionTests";
				PRODUCT_NAME = "$(TARGET_NAME)";
				SWIFT_VERSION = 5.0;
				TARGETED_DEVICE_FAMILY = "1,2";
				TEST_HOST = "$(BUILT_PRODUCTS_DIR)/CRED-Submission.app/CRED-Submission";
			};
			name = Release;
		};
		D57B639B2681B4CA00747890 /* Debug */ = {
			isa = XCBuildConfiguration;
			baseConfigurationReference = AA4A096947095256C051A9B9 /* Pods-CRED-Submission-CRED-SubmissionUITests.debug.xcconfig */;
			buildSettings = {
				ALWAYS_EMBED_SWIFT_STANDARD_LIBRARIES = YES;
				CODE_SIGN_STYLE = Automatic;
				DEVELOPMENT_TEAM = 6AD2RY8S5T;
				INFOPLIST_FILE = "CRED-SubmissionUITests/Info.plist";
				LD_RUNPATH_SEARCH_PATHS = (
					"$(inherited)",
					"@executable_path/Frameworks",
					"@loader_path/Frameworks",
				);
				PRODUCT_BUNDLE_IDENTIFIER = "com.Darshil.CRED-SubmissionUITests";
				PRODUCT_NAME = "$(TARGET_NAME)";
				SWIFT_VERSION = 5.0;
				TARGETED_DEVICE_FAMILY = "1,2";
				TEST_TARGET_NAME = "CRED-Submission";
			};
			name = Debug;
		};
		D57B639C2681B4CA00747890 /* Release */ = {
			isa = XCBuildConfiguration;
			baseConfigurationReference = 5DEC74C260DBF8F310664879 /* Pods-CRED-Submission-CRED-SubmissionUITests.release.xcconfig */;
			buildSettings = {
				ALWAYS_EMBED_SWIFT_STANDARD_LIBRARIES = YES;
				CODE_SIGN_STYLE = Automatic;
				DEVELOPMENT_TEAM = 6AD2RY8S5T;
				INFOPLIST_FILE = "CRED-SubmissionUITests/Info.plist";
				LD_RUNPATH_SEARCH_PATHS = (
					"$(inherited)",
					"@executable_path/Frameworks",
					"@loader_path/Frameworks",
				);
				PRODUCT_BUNDLE_IDENTIFIER = "com.Darshil.CRED-SubmissionUITests";
				PRODUCT_NAME = "$(TARGET_NAME)";
				SWIFT_VERSION = 5.0;
				TARGETED_DEVICE_FAMILY = "1,2";
				TEST_TARGET_NAME = "CRED-Submission";
			};
			name = Release;
		};
/* End XCBuildConfiguration section */

/* Begin XCConfigurationList section */
		D57B63652681B4C300747890 /* Build configuration list for PBXProject "CRED-Submission" */ = {
			isa = XCConfigurationList;
			buildConfigurations = (
				D57B63922681B4CA00747890 /* Debug */,
				D57B63932681B4CA00747890 /* Release */,
			);
			defaultConfigurationIsVisible = 0;
			defaultConfigurationName = Release;
		};
		D57B63942681B4CA00747890 /* Build configuration list for PBXNativeTarget "CRED-Submission" */ = {
			isa = XCConfigurationList;
			buildConfigurations = (
				D57B63952681B4CA00747890 /* Debug */,
				D57B63962681B4CA00747890 /* Release */,
			);
			defaultConfigurationIsVisible = 0;
			defaultConfigurationName = Release;
		};
		D57B63972681B4CA00747890 /* Build configuration list for PBXNativeTarget "CRED-SubmissionTests" */ = {
			isa = XCConfigurationList;
			buildConfigurations = (
				D57B63982681B4CA00747890 /* Debug */,
				D57B63992681B4CA00747890 /* Release */,
			);
			defaultConfigurationIsVisible = 0;
			defaultConfigurationName = Release;
		};
		D57B639A2681B4CA00747890 /* Build configuration list for PBXNativeTarget "CRED-SubmissionUITests" */ = {
			isa = XCConfigurationList;
			buildConfigurations = (
				D57B639B2681B4CA00747890 /* Debug */,
				D57B639C2681B4CA00747890 /* Release */,
			);
			defaultConfigurationIsVisible = 0;
			defaultConfigurationName = Release;
		};
/* End XCConfigurationList section */

/* Begin XCRemoteSwiftPackageReference section */
		D5746ECB26B8603E00669E38 /* XCRemoteSwiftPackageReference "IQKeyboardManager" */ = {
			isa = XCRemoteSwiftPackageReference;
			repositoryURL = "https://github.com/hackiftekhar/IQKeyboardManager.git";
			requirement = {
				kind = upToNextMajorVersion;
				minimumVersion = 6.5.6;
			};
		};
		D596E6F42690314D00DD3736 /* XCRemoteSwiftPackageReference "lottie-ios" */ = {
			isa = XCRemoteSwiftPackageReference;
			repositoryURL = "https://github.com/airbnb/lottie-ios";
			requirement = {
				kind = upToNextMajorVersion;
				minimumVersion = 3.2.3;
			};
		};
/* End XCRemoteSwiftPackageReference section */

/* Begin XCSwiftPackageProductDependency section */
		D5746ECC26B8603E00669E38 /* IQKeyboardManagerSwift */ = {
			isa = XCSwiftPackageProductDependency;
			package = D5746ECB26B8603E00669E38 /* XCRemoteSwiftPackageReference "IQKeyboardManager" */;
			productName = IQKeyboardManagerSwift;
		};
		D596E6F52690314D00DD3736 /* Lottie */ = {
			isa = XCSwiftPackageProductDependency;
			package = D596E6F42690314D00DD3736 /* XCRemoteSwiftPackageReference "lottie-ios" */;
			productName = Lottie;
		};
/* End XCSwiftPackageProductDependency section */
	};
	rootObject = D57B63622681B4C300747890 /* Project object */;
}
